
Microsoft Visual Studio Solution File, Format Version 12.00
# Visual Studio Version 17
VisualStudioVersion = 17.4.33213.308
MinimumVisualStudioVersion = 10.0.40219.1
Project("{FAE04EC0-301F-11D3-BF4B-00C04F79EFBC}") = "Laba4", "Laba4\Laba4.csproj", "{84C80D62-EE9C-4417-9F66-628A071B8EDD}"
EndProject
Global
	GlobalSection(SolutionConfigurationPlatforms) = preSolution
		Debug|Any CPU = Debug|Any CPU
		Release|Any CPU = Release|Any CPU
	EndGlobalSection
	GlobalSection(ProjectConfigurationPlatforms) = postSolution
		{84C80D62-EE9C-4417-9F66-628A071B8EDD}.Debug|Any CPU.ActiveCfg = Debug|Any CPU
		{84C80D62-EE9C-4417-9F66-628A071B8EDD}.Debug|Any CPU.Build.0 = Debug|Any CPU
		{84C80D62-EE9C-4417-9F66-628A071B8EDD}.Release|Any CPU.ActiveCfg = Release|Any CPU
		{84C80D62-EE9C-4417-9F66-628A071B8EDD}.Release|Any CPU.Build.0 = Release|Any CPU
	EndGlobalSection
	GlobalSection(SolutionProperties) = preSolution
		HideSolutionNode = FALSE
	EndGlobalSection
	GlobalSection(ExtensibilityGlobals) = postSolution
		SolutionGuid = {FB0A0D68-1CFA-4D5D-970E-111C10F50A69}
	EndGlobalSection
EndGlobal
